{
    "_readme": [
        "This file locks the dependencies of your project to a known state",
        "Read more about it at https://getcomposer.org/doc/01-basic-usage.md#composer-lock-the-lock-file",
        "This file is @generated automatically"
    ],
    "content-hash": "d44ad164b7658de1b9a7eb94318515d5",
    "packages": [
        {
            "name": "radowoj/yaah",
            "version": "v0.8.0",
            "source": {
                "type": "git",
                "url": "https://github.com/radowoj/yaah.git",
                "reference": "6b10383195950be574144ffcb2994d4fe1ed14fe"
            },
            "dist": {
                "type": "zip",
                "url": "https://api.github.com/repos/radowoj/yaah/zipball/6b10383195950be574144ffcb2994d4fe1ed14fe",
                "reference": "6b10383195950be574144ffcb2994d4fe1ed14fe",
                "shasum": ""
            },
            "require-dev": {
                "phpunit/phpunit": "^5.7"
            },
            "type": "library",
            "autoload": {
                "psr-4": {
                    "Radowoj\\Yaah\\": "src"
                }
            },
            "notification-url": "https://packagist.org/downloads/",
            "license": [
                "MIT"
            ],
            "authors": [
                {
                    "name": "Radosław Wojtyczka",
                    "email": "radoslaw@wojtyczka.me"
                }
            ],
            "description": "Yet Another Allegro Helper - Allegro WebAPI client with helper to simplify communication",
            "homepage": "https://github.com/radowoj/yaah",
            "keywords": [
                "allegro",
                "php",
                "webapi"
            ],
            "time": "2017-04-01T15:05:11+00:00"
        }
    ],
    "packages-dev": [],
    "aliases": [],
    "minimum-stability": "stable",
    "stability-flags": {
        "radowoj/yaah": 20
    },
    "prefer-stable": false,
    "prefer-lowest": false,
    "platform": [],
    "platform-dev": []
}
